
Microsoft Visual Studio Solution File, Format Version 12.00
# Visual Studio Version 16
VisualStudioVersion = 16.0.32929.386
MinimumVisualStudioVersion = 10.0.40219.1
Project("{FAE04EC0-301F-11D3-BF4B-00C04F79EFBC}") = "eTicket", "eTicket\eTicket.csproj", "{47392856-4EFF-466C-94AE-55DC4E0BDE24}"
EndProject
Global
	GlobalSection(SolutionConfigurationPlatforms) = preSolution
		Debug|Any CPU = Debug|Any CPU
		Release|Any CPU = Release|Any CPU
	EndGlobalSection
	GlobalSection(ProjectConfigurationPlatforms) = postSolution
		{47392856-4EFF-466C-94AE-55DC4E0BDE24}.Debug|Any CPU.ActiveCfg = Debug|Any CPU
		{47392856-4EFF-466C-94AE-55DC4E0BDE24}.Debug|Any CPU.Build.0 = Debug|Any CPU
		{47392856-4EFF-466C-94AE-55DC4E0BDE24}.Release|Any CPU.ActiveCfg = Release|Any CPU
		{47392856-4EFF-466C-94AE-55DC4E0BDE24}.Release|Any CPU.Build.0 = Release|Any CPU
	EndGlobalSection
	GlobalSection(SolutionProperties) = preSolution
		HideSolutionNode = FALSE
	EndGlobalSection
	GlobalSection(ExtensibilityGlobals) = postSolution
		SolutionGuid = {1E78EF21-4B89-449A-A4E8-85946F7CBF20}
	EndGlobalSection
EndGlobal
